
Microsoft Visual Studio Solution File, Format Version 12.00
# Visual Studio Version 17
VisualStudioVersion = 17.9.34728.123
MinimumVisualStudioVersion = 10.0.40219.1
Project("{8BC9CEB8-8B4A-11D0-8D11-00A0C91BC942}") = "cosmoGame", "cosmoGame.vcxproj", "{ACACAD4F-AD0E-42E9-BE34-D99035DA1893}"
EndProject
Global
	GlobalSection(SolutionConfigurationPlatforms) = preSolution
		Debug|x64 = Debug|x64
		Debug|x86 = Debug|x86
		Release|x64 = Release|x64
		Release|x86 = Release|x86
	EndGlobalSection
	GlobalSection(ProjectConfigurationPlatforms) = postSolution
		{ACACAD4F-AD0E-42E9-BE34-D99035DA1893}.Debug|x64.ActiveCfg = Debug|x64
		{ACACAD4F-AD0E-42E9-BE34-D99035DA1893}.Debug|x64.Build.0 = Debug|x64
		{ACACAD4F-AD0E-42E9-BE34-D99035DA1893}.Debug|x86.ActiveCfg = Debug|Win32
		{ACACAD4F-AD0E-42E9-BE34-D99035DA1893}.Debug|x86.Build.0 = Debug|Win32
		{ACACAD4F-AD0E-42E9-BE34-D99035DA1893}.Release|x64.ActiveCfg = Release|x64
		{ACACAD4F-AD0E-42E9-BE34-D99035DA1893}.Release|x64.Build.0 = Release|x64
		{ACACAD4F-AD0E-42E9-BE34-D99035DA1893}.Release|x86.ActiveCfg = Release|Win32
		{ACACAD4F-AD0E-42E9-BE34-D99035DA1893}.Release|x86.Build.0 = Release|Win32
	EndGlobalSection
	GlobalSection(SolutionProperties) = preSolution
		HideSolutionNode = FALSE
	EndGlobalSection
	GlobalSection(ExtensibilityGlobals) = postSolution
		SolutionGuid = {C63BC50C-1029-4E3E-8FE2-14662F3A400F}
	EndGlobalSection
EndGlobal
